
Microsoft Visual Studio Solution File, Format Version 12.00
# Visual Studio Version 17
VisualStudioVersion = 17.4.33103.184
MinimumVisualStudioVersion = 10.0.40219.1
Project("{FAE04EC0-301F-11D3-BF4B-00C04F79EFBC}") = "CharpFundamentos", "CharpFundamentos\CharpFundamentos.csproj", "{16C0268C-A4BD-4599-ACD2-DAB1CE4DE219}"
EndProject
Global
	GlobalSection(SolutionConfigurationPlatforms) = preSolution
		Debug|Any CPU = Debug|Any CPU
		Release|Any CPU = Release|Any CPU
	EndGlobalSection
	GlobalSection(ProjectConfigurationPlatforms) = postSolution
		{16C0268C-A4BD-4599-ACD2-DAB1CE4DE219}.Debug|Any CPU.ActiveCfg = Debug|Any CPU
		{16C0268C-A4BD-4599-ACD2-DAB1CE4DE219}.Debug|Any CPU.Build.0 = Debug|Any CPU
		{16C0268C-A4BD-4599-ACD2-DAB1CE4DE219}.Release|Any CPU.ActiveCfg = Release|Any CPU
		{16C0268C-A4BD-4599-ACD2-DAB1CE4DE219}.Release|Any CPU.Build.0 = Release|Any CPU
	EndGlobalSection
	GlobalSection(SolutionProperties) = preSolution
		HideSolutionNode = FALSE
	EndGlobalSection
	GlobalSection(ExtensibilityGlobals) = postSolution
		SolutionGuid = {24CFB800-C824-43D3-B8D7-339D6F10FDF0}
	EndGlobalSection
EndGlobal
